
Microsoft Visual Studio Solution File, Format Version 12.00
# Visual Studio 14
VisualStudioVersion = 14.0.25123.0
MinimumVisualStudioVersion = 10.0.40219.1
Project("{FAE04EC0-301F-11D3-BF4B-00C04F79EFBC}") = "FixSQLMSI", "FixSQLMSI\FixSQLMSI.csproj", "{08E19DA2-0C39-42BE-89F9-9D68EEF6DB04}"
EndProject
Global
	GlobalSection(SolutionConfigurationPlatforms) = preSolution
		Debug|Any CPU = Debug|Any CPU
		Release|Any CPU = Release|Any CPU
	EndGlobalSection
	GlobalSection(ProjectConfigurationPlatforms) = postSolution
		{08E19DA2-0C39-42BE-89F9-9D68EEF6DB04}.Debug|Any CPU.ActiveCfg = Debug|Any CPU
		{08E19DA2-0C39-42BE-89F9-9D68EEF6DB04}.Debug|Any CPU.Build.0 = Debug|Any CPU
		{08E19DA2-0C39-42BE-89F9-9D68EEF6DB04}.Release|Any CPU.ActiveCfg = Release|Any CPU
		{08E19DA2-0C39-42BE-89F9-9D68EEF6DB04}.Release|Any CPU.Build.0 = Release|Any CPU
	EndGlobalSection
	GlobalSection(SolutionProperties) = preSolution
		HideSolutionNode = FALSE
	EndGlobalSection
EndGlobal
